# THIS IS AN AUTOGENERATED FILE. DO NOT EDIT THIS FILE DIRECTLY.
# yarn lockfile v1


codemirror-spell-checker@1.1.2:
  version "1.1.2"
  resolved "https://registry.yarnpkg.com/codemirror-spell-checker/-/codemirror-spell-checker-1.1.2.tgz#1c660f9089483ccb5113b9ba9ca19c3f4993371e"
  integrity sha1-HGYPkIlIPMtRE7m6nKGcP0mTNx4=
  dependencies:
    typo-js "*"

codemirror@^5.58.2:
  version "5.58.3"
  resolved "https://registry.yarnpkg.com/codemirror/-/codemirror-5.58.3.tgz#3f0689854ecfbed5d4479a98b96148b2c3b79796"
  integrity sha512-KBhB+juiyOOgn0AqtRmWyAT3yoElkuvWTI6hsHa9E6GQrl6bk/fdAYcvuqW1/upO9T9rtEtapWdw4XYcNiVDEA==

easymde@^2.13.0:
  version "2.13.0"
  resolved "https://registry.yarnpkg.com/easymde/-/easymde-2.13.0.tgz#bcbec4d0d02a2088511e8485705cc6bb3aec0988"
  integrity sha512-Q9cfsMzIwtXS2h/1toB404aYRkOukjVroZP2/7uItO4W5e3pC8mey2NsHlSAGRdR2pIwR2XheA4TucX0IjseBA==
  dependencies:
    codemirror "^5.58.2"
    codemirror-spell-checker "1.1.2"
    marked "^1.2.3"

marked@^1.2.3:
  version "1.2.5"
  resolved "https://registry.yarnpkg.com/marked/-/marked-1.2.5.tgz#a44b31f2a0b8b5bfd610f00d55d1952d1ac1dfdb"
  integrity sha512-2AlqgYnVPOc9WDyWu7S5DJaEZsfk6dNh/neatQ3IHUW4QLutM/VPSH9lG7bif+XjFWc9K9XR3QvR+fXuECmfdA==

typo-js@*:
  version "1.2.0"
  resolved "https://registry.yarnpkg.com/typo-js/-/typo-js-1.2.0.tgz#dbe58de3a6dcbbe260b78bf290ee761b008a28e8"
  integrity sha512-dELuLBVa2jvWdU/CHTKi2L/POYaRupv942k+vRsFXsM17acXesQGAiGCio82RW7fvcr7bkuD/Zj8XpUh6aPC2A==
